
Microsoft Visual Studio Solution File, Format Version 12.00
# Visual Studio Version 16
VisualStudioVersion = 16.0.31424.327
MinimumVisualStudioVersion = 10.0.40219.1
Project("{FAE04EC0-301F-11D3-BF4B-00C04F79EFBC}") = "TreeView", "TreeView\TreeView.csproj", "{0EE0ABD5-3BC8-49BA-A4E2-E8CF9BCB2ADB}"
EndProject
Global
	GlobalSection(SolutionConfigurationPlatforms) = preSolution
		Debug|Any CPU = Debug|Any CPU
		Release|Any CPU = Release|Any CPU
	EndGlobalSection
	GlobalSection(ProjectConfigurationPlatforms) = postSolution
		{0EE0ABD5-3BC8-49BA-A4E2-E8CF9BCB2ADB}.Debug|Any CPU.ActiveCfg = Debug|Any CPU
		{0EE0ABD5-3BC8-49BA-A4E2-E8CF9BCB2ADB}.Debug|Any CPU.Build.0 = Debug|Any CPU
		{0EE0ABD5-3BC8-49BA-A4E2-E8CF9BCB2ADB}.Release|Any CPU.ActiveCfg = Release|Any CPU
		{0EE0ABD5-3BC8-49BA-A4E2-E8CF9BCB2ADB}.Release|Any CPU.Build.0 = Release|Any CPU
	EndGlobalSection
	GlobalSection(SolutionProperties) = preSolution
		HideSolutionNode = FALSE
	EndGlobalSection
	GlobalSection(ExtensibilityGlobals) = postSolution
		SolutionGuid = {4874B3FD-B0FF-4202-BF8E-81581A72B742}
	EndGlobalSection
EndGlobal
